<Solution>
  <Project Path="MvcBankAccountSim.API/MvcBankAccountSim.API.csproj" />
  <Project Path="MvcBankAccountSim.Application/MvcBankAccountSim.Application.csproj" />
  <Project Path="MvcBankAccountSim.Domain/MvcBankAccountSim.Domain.csproj" />
  <Project Path="MvcBankAccountSim.Infrastructure/MvcBankAccountSim.Infrastructure.csproj" />
</Solution>
